# This file is autogenerated, do not edit; changes may be undone by the next 'dep ensure'.


[[projects]]
  name = "github.com/opencontainers/runtime-spec"
  packages = ["specs-go"]
  revision = "4e3b9264a330d094b0386c3703c5f379119711e8"
  version = "v1.0.1"

[solve-meta]
  analyzer-name = "dep"
  analyzer-version = 1
  inputs-digest = "8b1ae37954f9048a9392f179c544ecb6bbc46c2cf0486d926d42586e8fbbb3bc"
  solver-name = "gps-cdcl"
  solver-version = 1
